
Microsoft Visual Studio Solution File, Format Version 12.00
# Visual Studio Version 16
VisualStudioVersion = 16.0.30611.23
MinimumVisualStudioVersion = 10.0.40219.1
Project("{FAE04EC0-301F-11D3-BF4B-00C04F79EFBC}") = "simpat1k", "simpat1k.csproj", "{2C396EE7-34C6-4B31-BFB6-3B996EE90CAF}"
EndProject
Global
	GlobalSection(SolutionConfigurationPlatforms) = preSolution
		Debug|Any CPU = Debug|Any CPU
		Release|Any CPU = Release|Any CPU
	EndGlobalSection
	GlobalSection(ProjectConfigurationPlatforms) = postSolution
		{2C396EE7-34C6-4B31-BFB6-3B996EE90CAF}.Debug|Any CPU.ActiveCfg = Debug|Any CPU
		{2C396EE7-34C6-4B31-BFB6-3B996EE90CAF}.Debug|Any CPU.Build.0 = Debug|Any CPU
		{2C396EE7-34C6-4B31-BFB6-3B996EE90CAF}.Release|Any CPU.ActiveCfg = Release|Any CPU
		{2C396EE7-34C6-4B31-BFB6-3B996EE90CAF}.Release|Any CPU.Build.0 = Release|Any CPU
	EndGlobalSection
	GlobalSection(SolutionProperties) = preSolution
		HideSolutionNode = FALSE
	EndGlobalSection
	GlobalSection(ExtensibilityGlobals) = postSolution
		SolutionGuid = {C37DF28C-2B4D-49F6-ADC2-7B6697CE471D}
	EndGlobalSection
EndGlobal
